// !$*UTF8*$!
{
	archiveVersion = 1;
	classes = {
	};
	objectVersion = 55;
	objects = {

/* Begin PBXBuildFile section */
		4A792895273F286100C92087 /* AppDelegate.swift in Sources */ = {isa = PBXBuildFile; fileRef = 4A792894273F286100C92087 /* AppDelegate.swift */; };
		4A792897273F286100C92087 /* SceneDelegate.swift in Sources */ = {isa = PBXBuildFile; fileRef = 4A792896273F286100C92087 /* SceneDelegate.swift */; };
		4A792899273F286100C92087 /* ViewController.swift in Sources */ = {isa = PBXBuildFile; fileRef = 4A792898273F286100C92087 /* ViewController.swift */; };
		4A79289C273F286100C92087 /* Main.storyboard in Resources */ = {isa = PBXBuildFile; fileRef = 4A79289A273F286100C92087 /* Main.storyboard */; };
		4A79289E273F286400C92087 /* Assets.xcassets in Resources */ = {isa = PBXBuildFile; fileRef = 4A79289D273F286400C92087 /* Assets.xcassets */; };
		4A7928A1273F286400C92087 /* LaunchScreen.storyboard in Resources */ = {isa = PBXBuildFile; fileRef = 4A79289F273F286400C92087 /* LaunchScreen.storyboard */; };
		4A7928A9273F311E00C92087 /* RecognizedTextDataSource.swift in Sources */ = {isa = PBXBuildFile; fileRef = 4A7928A8273F311E00C92087 /* RecognizedTextDataSource.swift */; };
		4A8AC352274484F9002F4C7C /* AccessionNumbers in Frameworks */ = {isa = PBXBuildFile; productRef = 4A8AC351274484F9002F4C7C /* AccessionNumbers */; };
/* End PBXBuildFile section */

/* Begin PBXFileReference section */
		4A792891273F286100C92087 /* LableWhisperer.app */ = {isa = PBXFileReference; explicitFileType = wrapper.application; includeInIndex = 0; path = LableWhisperer.app; sourceTree = BUILT_PRODUCTS_DIR; };
		4A792894273F286100C92087 /* AppDelegate.swift */ = {isa = PBXFileReference; lastKnownFileType = sourcecode.swift; path = AppDelegate.swift; sourceTree = "<group>"; };
		4A792896273F286100C92087 /* SceneDelegate.swift */ = {isa = PBXFileReference; lastKnownFileType = sourcecode.swift; path = SceneDelegate.swift; sourceTree = "<group>"; };
		4A792898273F286100C92087 /* ViewController.swift */ = {isa = PBXFileReference; lastKnownFileType = sourcecode.swift; path = ViewController.swift; sourceTree = "<group>"; };
		4A79289B273F286100C92087 /* Base */ = {isa = PBXFileReference; lastKnownFileType = file.storyboard; name = Base; path = Base.lproj/Main.storyboard; sourceTree = "<group>"; };
		4A79289D273F286400C92087 /* Assets.xcassets */ = {isa = PBXFileReference; lastKnownFileType = folder.assetcatalog; path = Assets.xcassets; sourceTree = "<group>"; };
		4A7928A0273F286400C92087 /* Base */ = {isa = PBXFileReference; lastKnownFileType = file.storyboard; name = Base; path = Base.lproj/LaunchScreen.storyboard; sourceTree = "<group>"; };
		4A7928A2273F286400C92087 /* Info.plist */ = {isa = PBXFileReference; lastKnownFileType = text.plist.xml; path = Info.plist; sourceTree = "<group>"; };
		4A7928A8273F311E00C92087 /* RecognizedTextDataSource.swift */ = {isa = PBXFileReference; lastKnownFileType = sourcecode.swift; path = RecognizedTextDataSource.swift; sourceTree = "<group>"; };
/* End PBXFileReference section */

/* Begin PBXFrameworksBuildPhase section */
		4A79288E273F286100C92087 /* Frameworks */ = {
			isa = PBXFrameworksBuildPhase;
			buildActionMask = 2147483647;
			files = (
				4A8AC352274484F9002F4C7C /* AccessionNumbers in Frameworks */,
			);
			runOnlyForDeploymentPostprocessing = 0;
		};
/* End PBXFrameworksBuildPhase section */

/* Begin PBXGroup section */
		4A792888273F286100C92087 = {
			isa = PBXGroup;
			children = (
				4A792893273F286100C92087 /* LableWhisperer */,
				4A792892273F286100C92087 /* Products */,
			);
			sourceTree = "<group>";
		};
		4A792892273F286100C92087 /* Products */ = {
			isa = PBXGroup;
			children = (
				4A792891273F286100C92087 /* LableWhisperer.app */,
			);
			name = Products;
			sourceTree = "<group>";
		};
		4A792893273F286100C92087 /* LableWhisperer */ = {
			isa = PBXGroup;
			children = (
				4A792894273F286100C92087 /* AppDelegate.swift */,
				4A792896273F286100C92087 /* SceneDelegate.swift */,
				4A792898273F286100C92087 /* ViewController.swift */,
				4A7928A8273F311E00C92087 /* RecognizedTextDataSource.swift */,
				4A79289A273F286100C92087 /* Main.storyboard */,
				4A79289D273F286400C92087 /* Assets.xcassets */,
				4A79289F273F286400C92087 /* LaunchScreen.storyboard */,
				4A7928A2273F286400C92087 /* Info.plist */,
			);
			path = LableWhisperer;
			sourceTree = "<group>";
		};
/* End PBXGroup section */

/* Begin PBXNativeTarget section */
		4A792890273F286100C92087 /* LableWhisperer */ = {
			isa = PBXNativeTarget;
			buildConfigurationList = 4A7928A5273F286400C92087 /* Build configuration list for PBXNativeTarget "LableWhisperer" */;
			buildPhases = (
				4A79288D273F286100C92087 /* Sources */,
				4A79288E273F286100C92087 /* Frameworks */,
				4A79288F273F286100C92087 /* Resources */,
			);
			buildRules = (
			);
			dependencies = (
			);
			name = LableWhisperer;
			packageProductDependencies = (
				4A8AC351274484F9002F4C7C /* AccessionNumbers */,
			);
			productName = LableWhisperer;
			productReference = 4A792891273F286100C92087 /* LableWhisperer.app */;
			productType = "com.apple.product-type.application";
		};
/* End PBXNativeTarget section */

/* Begin PBXProject section */
		4A792889273F286100C92087 /* Project object */ = {
			isa = PBXProject;
			attributes = {
				BuildIndependentTargetsInParallel = 1;
				LastSwiftUpdateCheck = 1310;
				LastUpgradeCheck = 1310;
				TargetAttributes = {
					4A792890273F286100C92087 = {
						CreatedOnToolsVersion = 13.1;
					};
				};
			};
			buildConfigurationList = 4A79288C273F286100C92087 /* Build configuration list for PBXProject "LableWhisperer" */;
			compatibilityVersion = "Xcode 13.0";
			developmentRegion = en;
			hasScannedForEncodings = 0;
			knownRegions = (
				en,
				Base,
			);
			mainGroup = 4A792888273F286100C92087;
			packageReferences = (
				4A8AC350274484F9002F4C7C /* XCRemoteSwiftPackageReference "swift-accession-numbers" */,
			);
			productRefGroup = 4A792892273F286100C92087 /* Products */;
			projectDirPath = "";
			projectRoot = "";
			targets = (
				4A792890273F286100C92087 /* LableWhisperer */,
			);
		};
/* End PBXProject section */

/* Begin PBXResourcesBuildPhase section */
		4A79288F273F286100C92087 /* Resources */ = {
			isa = PBXResourcesBuildPhase;
			buildActionMask = 2147483647;
			files = (
				4A7928A1273F286400C92087 /* LaunchScreen.storyboard in Resources */,
				4A79289E273F286400C92087 /* Assets.xcassets in Resources */,
				4A79289C273F286100C92087 /* Main.storyboard in Resources */,
			);
			runOnlyForDeploymentPostprocessing = 0;
		};
/* End PBXResourcesBuildPhase section */

/* Begin PBXSourcesBuildPhase section */
		4A79288D273F286100C92087 /* Sources */ = {
			isa = PBXSourcesBuildPhase;
			buildActionMask = 2147483647;
			files = (
				4A792899273F286100C92087 /* ViewController.swift in Sources */,
				4A792895273F286100C92087 /* AppDelegate.swift in Sources */,
				4A792897273F286100C92087 /* SceneDelegate.swift in Sources */,
				4A7928A9273F311E00C92087 /* RecognizedTextDataSource.swift in Sources */,
			);
			runOnlyForDeploymentPostprocessing = 0;
		};
/* End PBXSourcesBuildPhase section */

/* Begin PBXVariantGroup section */
		4A79289A273F286100C92087 /* Main.storyboard */ = {
			isa = PBXVariantGroup;
			children = (
				4A79289B273F286100C92087 /* Base */,
			);
			name = Main.storyboard;
			sourceTree = "<group>";
		};
		4A79289F273F286400C92087 /* LaunchScreen.storyboard */ = {
			isa = PBXVariantGroup;
			children = (
				4A7928A0273F286400C92087 /* Base */,
			);
			name = LaunchScreen.storyboard;
			sourceTree = "<group>";
		};
/* End PBXVariantGroup section */

/* Begin XCBuildConfiguration section */
		4A7928A3273F286400C92087 /* Debug */ = {
			isa = XCBuildConfiguration;
			buildSettings = {
				ALWAYS_SEARCH_USER_PATHS = NO;
				CLANG_ANALYZER_NONNULL = YES;
				CLANG_ANALYZER_NUMBER_OBJECT_CONVERSION = YES_AGGRESSIVE;
				CLANG_CXX_LANGUAGE_STANDARD = "gnu++17";
				CLANG_CXX_LIBRARY = "libc++";
				CLANG_ENABLE_MODULES = YES;
				CLANG_ENABLE_OBJC_ARC = YES;
				CLANG_ENABLE_OBJC_WEAK = YES;
				CLANG_WARN_BLOCK_CAPTURE_AUTORELEASING = YES;
				CLANG_WARN_BOOL_CONVERSION = YES;
				CLANG_WARN_COMMA = YES;
				CLANG_WARN_CONSTANT_CONVERSION = YES;
				CLANG_WARN_DEPRECATED_OBJC_IMPLEMENTATIONS = YES;
				CLANG_WARN_DIRECT_OBJC_ISA_USAGE = YES_ERROR;
				CLANG_WARN_DOCUMENTATION_COMMENTS = YES;
				CLANG_WARN_EMPTY_BODY = YES;
				CLANG_WARN_ENUM_CONVERSION = YES;
				CLANG_WARN_INFINITE_RECURSION = YES;
				CLANG_WARN_INT_CONVERSION = YES;
				CLANG_WARN_NON_LITERAL_NULL_CONVERSION = YES;
				CLANG_WARN_OBJC_IMPLICIT_RETAIN_SELF = YES;
				CLANG_WARN_OBJC_LITERAL_CONVERSION = YES;
				CLANG_WARN_OBJC_ROOT_CLASS = YES_ERROR;
				CLANG_WARN_QUOTED_INCLUDE_IN_FRAMEWORK_HEADER = YES;
				CLANG_WARN_RANGE_LOOP_ANALYSIS = YES;
				CLANG_WARN_STRICT_PROTOTYPES = YES;
				CLANG_WARN_SUSPICIOUS_MOVE = YES;
				CLANG_WARN_UNGUARDED_AVAILABILITY = YES_AGGRESSIVE;
				CLANG_WARN_UNREACHABLE_CODE = YES;
				CLANG_WARN__DUPLICATE_METHOD_MATCH = YES;
				COPY_PHASE_STRIP = NO;
				DEBUG_INFORMATION_FORMAT = dwarf;
				ENABLE_STRICT_OBJC_MSGSEND = YES;
				ENABLE_TESTABILITY = YES;
				GCC_C_LANGUAGE_STANDARD = gnu11;
				GCC_DYNAMIC_NO_PIC = NO;
				GCC_NO_COMMON_BLOCKS = YES;
				GCC_OPTIMIZATION_LEVEL = 0;
				GCC_PREPROCESSOR_DEFINITIONS = (
					"DEBUG=1",
					"$(inherited)",
				);
				GCC_WARN_64_TO_32_BIT_CONVERSION = YES;
				GCC_WARN_ABOUT_RETURN_TYPE = YES_ERROR;
				GCC_WARN_UNDECLARED_SELECTOR = YES;
				GCC_WARN_UNINITIALIZED_AUTOS = YES_AGGRESSIVE;
				GCC_WARN_UNUSED_FUNCTION = YES;
				GCC_WARN_UNUSED_VARIABLE = YES;
				IPHONEOS_DEPLOYMENT_TARGET = 15.0;
				MTL_ENABLE_DEBUG_INFO = INCLUDE_SOURCE;
				MTL_FAST_MATH = YES;
				ONLY_ACTIVE_ARCH = YES;
				SDKROOT = iphoneos;
				SWIFT_ACTIVE_COMPILATION_CONDITIONS = DEBUG;
				SWIFT_OPTIMIZATION_LEVEL = "-Onone";
			};
			name = Debug;
		};
		4A7928A4273F286400C92087 /* Release */ = {
			isa = XCBuildConfiguration;
			buildSettings = {
				ALWAYS_SEARCH_USER_PATHS = NO;
				CLANG_ANALYZER_NONNULL = YES;
				CLANG_ANALYZER_NUMBER_OBJECT_CONVERSION = YES_AGGRESSIVE;
				CLANG_CXX_LANGUAGE_STANDARD = "gnu++17";
				CLANG_CXX_LIBRARY = "libc++";
				CLANG_ENABLE_MODULES = YES;
				CLANG_ENABLE_OBJC_ARC = YES;
				CLANG_ENABLE_OBJC_WEAK = YES;
				CLANG_WARN_BLOCK_CAPTURE_AUTORELEASING = YES;
				CLANG_WARN_BOOL_CONVERSION = YES;
				CLANG_WARN_COMMA = YES;
				CLANG_WARN_CONSTANT_CONVERSION = YES;
				CLANG_WARN_DEPRECATED_OBJC_IMPLEMENTATIONS = YES;
				CLANG_WARN_DIRECT_OBJC_ISA_USAGE = YES_ERROR;
				CLANG_WARN_DOCUMENTATION_COMMENTS = YES;
				CLANG_WARN_EMPTY_BODY = YES;
				CLANG_WARN_ENUM_CONVERSION = YES;
				CLANG_WARN_INFINITE_RECURSION = YES;
				CLANG_WARN_INT_CONVERSION = YES;
				CLANG_WARN_NON_LITERAL_NULL_CONVERSION = YES;
				CLANG_WARN_OBJC_IMPLICIT_RETAIN_SELF = YES;
				CLANG_WARN_OBJC_LITERAL_CONVERSION = YES;
				CLANG_WARN_OBJC_ROOT_CLASS = YES_ERROR;
				CLANG_WARN_QUOTED_INCLUDE_IN_FRAMEWORK_HEADER = YES;
				CLANG_WARN_RANGE_LOOP_ANALYSIS = YES;
				CLANG_WARN_STRICT_PROTOTYPES = YES;
				CLANG_WARN_SUSPICIOUS_MOVE = YES;
				CLANG_WARN_UNGUARDED_AVAILABILITY = YES_AGGRESSIVE;
				CLANG_WARN_UNREACHABLE_CODE = YES;
				CLANG_WARN__DUPLICATE_METHOD_MATCH = YES;
				COPY_PHASE_STRIP = NO;
				DEBUG_INFORMATION_FORMAT = "dwarf-with-dsym";
				ENABLE_NS_ASSERTIONS = NO;
				ENABLE_STRICT_OBJC_MSGSEND = YES;
				GCC_C_LANGUAGE_STANDARD = gnu11;
				GCC_NO_COMMON_BLOCKS = YES;
				GCC_WARN_64_TO_32_BIT_CONVERSION = YES;
				GCC_WARN_ABOUT_RETURN_TYPE = YES_ERROR;
				GCC_WARN_UNDECLARED_SELECTOR = YES;
				GCC_WARN_UNINITIALIZED_AUTOS = YES_AGGRESSIVE;
				GCC_WARN_UNUSED_FUNCTION = YES;
				GCC_WARN_UNUSED_VARIABLE = YES;
				IPHONEOS_DEPLOYMENT_TARGET = 15.0;
				MTL_ENABLE_DEBUG_INFO = NO;
				MTL_FAST_MATH = YES;
				SDKROOT = iphoneos;
				SWIFT_COMPILATION_MODE = wholemodule;
				SWIFT_OPTIMIZATION_LEVEL = "-O";
				VALIDATE_PRODUCT = YES;
			};
			name = Release;
		};
		4A7928A6273F286400C92087 /* Debug */ = {
			isa = XCBuildConfiguration;
			buildSettings = {
				ASSETCATALOG_COMPILER_APPICON_NAME = AppIcon;
				ASSETCATALOG_COMPILER_GLOBAL_ACCENT_COLOR_NAME = AccentColor;
				CODE_SIGN_STYLE = Automatic;
				CURRENT_PROJECT_VERSION = 1;
				DEVELOPMENT_TEAM = X5J42RJDZY;
				GENERATE_INFOPLIST_FILE = YES;
				INFOPLIST_FILE = LableWhisperer/Info.plist;
				INFOPLIST_KEY_UIApplicationSupportsIndirectInputEvents = YES;
				INFOPLIST_KEY_UILaunchStoryboardName = LaunchScreen;
				INFOPLIST_KEY_UIMainStoryboardFile = Main;
				INFOPLIST_KEY_UISupportedInterfaceOrientations_iPad = "UIInterfaceOrientationPortrait UIInterfaceOrientationPortraitUpsideDown UIInterfaceOrientationLandscapeLeft UIInterfaceOrientationLandscapeRight";
				INFOPLIST_KEY_UISupportedInterfaceOrientations_iPhone = "UIInterfaceOrientationPortrait UIInterfaceOrientationLandscapeLeft UIInterfaceOrientationLandscapeRight";
				LD_RUNPATH_SEARCH_PATHS = (
					"$(inherited)",
					"@executable_path/Frameworks",
				);
				MARKETING_VERSION = 1.0;
				PRODUCT_BUNDLE_IDENTIFIER = org.sfomuseum.LableWhisperer;
				PRODUCT_NAME = "$(TARGET_NAME)";
				SWIFT_EMIT_LOC_STRINGS = YES;
				SWIFT_VERSION = 5.0;
				TARGETED_DEVICE_FAMILY = "1,2";
			};
			name = Debug;
		};
		4A7928A7273F286400C92087 /* Release */ = {
			isa = XCBuildConfiguration;
			buildSettings = {
				ASSETCATALOG_COMPILER_APPICON_NAME = AppIcon;
				ASSETCATALOG_COMPILER_GLOBAL_ACCENT_COLOR_NAME = AccentColor;
				CODE_SIGN_STYLE = Automatic;
				CURRENT_PROJECT_VERSION = 1;
				DEVELOPMENT_TEAM = X5J42RJDZY;
				GENERATE_INFOPLIST_FILE = YES;
				INFOPLIST_FILE = LableWhisperer/Info.plist;
				INFOPLIST_KEY_UIApplicationSupportsIndirectInputEvents = YES;
				INFOPLIST_KEY_UILaunchStoryboardName = LaunchScreen;
				INFOPLIST_KEY_UIMainStoryboardFile = Main;
				INFOPLIST_KEY_UISupportedInterfaceOrientations_iPad = "UIInterfaceOrientationPortrait UIInterfaceOrientationPortraitUpsideDown UIInterfaceOrientationLandscapeLeft UIInterfaceOrientationLandscapeRight";
				INFOPLIST_KEY_UISupportedInterfaceOrientations_iPhone = "UIInterfaceOrientationPortrait UIInterfaceOrientationLandscapeLeft UIInterfaceOrientationLandscapeRight";
				LD_RUNPATH_SEARCH_PATHS = (
					"$(inherited)",
					"@executable_path/Frameworks",
				);
				MARKETING_VERSION = 1.0;
				PRODUCT_BUNDLE_IDENTIFIER = org.sfomuseum.LableWhisperer;
				PRODUCT_NAME = "$(TARGET_NAME)";
				SWIFT_EMIT_LOC_STRINGS = YES;
				SWIFT_VERSION = 5.0;
				TARGETED_DEVICE_FAMILY = "1,2";
			};
			name = Release;
		};
/* End XCBuildConfiguration section */

/* Begin XCConfigurationList section */
		4A79288C273F286100C92087 /* Build configuration list for PBXProject "LableWhisperer" */ = {
			isa = XCConfigurationList;
			buildConfigurations = (
				4A7928A3273F286400C92087 /* Debug */,
				4A7928A4273F286400C92087 /* Release */,
			);
			defaultConfigurationIsVisible = 0;
			defaultConfigurationName = Release;
		};
		4A7928A5273F286400C92087 /* Build configuration list for PBXNativeTarget "LableWhisperer" */ = {
			isa = XCConfigurationList;
			buildConfigurations = (
				4A7928A6273F286400C92087 /* Debug */,
				4A7928A7273F286400C92087 /* Release */,
			);
			defaultConfigurationIsVisible = 0;
			defaultConfigurationName = Release;
		};
/* End XCConfigurationList section */

/* Begin XCRemoteSwiftPackageReference section */
		4A8AC350274484F9002F4C7C /* XCRemoteSwiftPackageReference "swift-accession-numbers" */ = {
			isa = XCRemoteSwiftPackageReference;
			repositoryURL = "https://github.com/sfomuseum/swift-accession-numbers";
			requirement = {
				kind = upToNextMajorVersion;
				minimumVersion = 0.0.1;
			};
		};
/* End XCRemoteSwiftPackageReference section */

/* Begin XCSwiftPackageProductDependency section */
		4A8AC351274484F9002F4C7C /* AccessionNumbers */ = {
			isa = XCSwiftPackageProductDependency;
			package = 4A8AC350274484F9002F4C7C /* XCRemoteSwiftPackageReference "swift-accession-numbers" */;
			productName = AccessionNumbers;
		};
/* End XCSwiftPackageProductDependency section */
	};
	rootObject = 4A792889273F286100C92087 /* Project object */;
}
