{
  "object": {
    "pins": [
      {
        "package": "AccessionNumbers",
        "repositoryURL": "https://github.com/sfomuseum/swift-accession-numbers",
        "state": {
          "branch": null,
          "revision": "9f90e53913b2ce95c3d8d6f6d3d865043802fbc5",
          "version": "0.0.2"
        }
      }
    ]
  },
  "version": 1
}
